// !$*UTF8*$!
{
	archiveVersion = 1;
	classes = {
	};
	objectVersion = 56;
	objects = {

/* Begin PBXBuildFile section */
		9F503D8B2B4C645C001DCD10 /* ArticleDetailsView.swift in Sources */ = {isa = PBXBuildFile; fileRef = 9F503D8A2B4C645C001DCD10 /* ArticleDetailsView.swift */; };
		9F503D8D2B4C64EA001DCD10 /* ArticleDetailsViewModel.swift in Sources */ = {isa = PBXBuildFile; fileRef = 9F503D8C2B4C64EA001DCD10 /* ArticleDetailsViewModel.swift */; };
		9F503D952B4C73C3001DCD10 /* ComeraTestUnitTests.swift in Sources */ = {isa = PBXBuildFile; fileRef = 9F503D942B4C73C3001DCD10 /* ComeraTestUnitTests.swift */; };
		9F503DA22B4C73D5001DCD10 /* ComeraTestUITests.swift in Sources */ = {isa = PBXBuildFile; fileRef = 9F503DA12B4C73D5001DCD10 /* ComeraTestUITests.swift */; };
		9F503DA42B4C73D5001DCD10 /* ComeraTestUITestsLaunchTests.swift in Sources */ = {isa = PBXBuildFile; fileRef = 9F503DA32B4C73D5001DCD10 /* ComeraTestUITestsLaunchTests.swift */; };
		9F8447142B4B367E003B6DCB /* Preview Assets.xcassets in Resources */ = {isa = PBXBuildFile; fileRef = 9F8447132B4B367E003B6DCB /* Preview Assets.xcassets */; };
		9F84471F2B4B38DE003B6DCB /* View+Helpers.swift in Sources */ = {isa = PBXBuildFile; fileRef = 9F84471A2B4B38DE003B6DCB /* View+Helpers.swift */; };
		9F8447212B4B38DE003B6DCB /* LoaderView.swift in Sources */ = {isa = PBXBuildFile; fileRef = 9F84471C2B4B38DE003B6DCB /* LoaderView.swift */; };
		9F8447222B4B38DE003B6DCB /* Navigation+Helper.swift in Sources */ = {isa = PBXBuildFile; fileRef = 9F84471D2B4B38DE003B6DCB /* Navigation+Helper.swift */; };
		9F8447232B4B38DE003B6DCB /* AsyncImageView.swift in Sources */ = {isa = PBXBuildFile; fileRef = 9F84471E2B4B38DE003B6DCB /* AsyncImageView.swift */; };
		9F8447262B4B4F35003B6DCB /* HomeViewModel.swift in Sources */ = {isa = PBXBuildFile; fileRef = 9F8447252B4B4F35003B6DCB /* HomeViewModel.swift */; };
		9F8447292B4B52B5003B6DCB /* NetworkService in Frameworks */ = {isa = PBXBuildFile; productRef = 9F8447282B4B52B5003B6DCB /* NetworkService */; };
		9FEF182E2B4B35C8009995C9 /* ComeraTestApp.swift in Sources */ = {isa = PBXBuildFile; fileRef = 9FEF182D2B4B35C8009995C9 /* ComeraTestApp.swift */; };
		9FEF18302B4B35C8009995C9 /* HomeView.swift in Sources */ = {isa = PBXBuildFile; fileRef = 9FEF182F2B4B35C8009995C9 /* HomeView.swift */; };
		9FEF18322B4B35C9009995C9 /* Assets.xcassets in Resources */ = {isa = PBXBuildFile; fileRef = 9FEF18312B4B35C9009995C9 /* Assets.xcassets */; };
/* End PBXBuildFile section */

/* Begin PBXContainerItemProxy section */
		9F503D962B4C73C3001DCD10 /* PBXContainerItemProxy */ = {
			isa = PBXContainerItemProxy;
			containerPortal = 9FEF18222B4B35C8009995C9 /* Project object */;
			proxyType = 1;
			remoteGlobalIDString = 9FEF18292B4B35C8009995C9;
			remoteInfo = ComeraTest;
		};
		9F503DA52B4C73D5001DCD10 /* PBXContainerItemProxy */ = {
			isa = PBXContainerItemProxy;
			containerPortal = 9FEF18222B4B35C8009995C9 /* Project object */;
			proxyType = 1;
			remoteGlobalIDString = 9FEF18292B4B35C8009995C9;
			remoteInfo = ComeraTest;
		};
/* End PBXContainerItemProxy section */

/* Begin PBXFileReference section */
		9F503D8A2B4C645C001DCD10 /* ArticleDetailsView.swift */ = {isa = PBXFileReference; lastKnownFileType = sourcecode.swift; path = ArticleDetailsView.swift; sourceTree = "<group>"; };
		9F503D8C2B4C64EA001DCD10 /* ArticleDetailsViewModel.swift */ = {isa = PBXFileReference; lastKnownFileType = sourcecode.swift; path = ArticleDetailsViewModel.swift; sourceTree = "<group>"; };
		9F503D922B4C73C3001DCD10 /* ComeraTestUnitTests.xctest */ = {isa = PBXFileReference; explicitFileType = wrapper.cfbundle; includeInIndex = 0; path = ComeraTestUnitTests.xctest; sourceTree = BUILT_PRODUCTS_DIR; };
		9F503D942B4C73C3001DCD10 /* ComeraTestUnitTests.swift */ = {isa = PBXFileReference; lastKnownFileType = sourcecode.swift; path = ComeraTestUnitTests.swift; sourceTree = "<group>"; };
		9F503D9F2B4C73D5001DCD10 /* ComeraTestUITests.xctest */ = {isa = PBXFileReference; explicitFileType = wrapper.cfbundle; includeInIndex = 0; path = ComeraTestUITests.xctest; sourceTree = BUILT_PRODUCTS_DIR; };
		9F503DA12B4C73D5001DCD10 /* ComeraTestUITests.swift */ = {isa = PBXFileReference; lastKnownFileType = sourcecode.swift; path = ComeraTestUITests.swift; sourceTree = "<group>"; };
		9F503DA32B4C73D5001DCD10 /* ComeraTestUITestsLaunchTests.swift */ = {isa = PBXFileReference; lastKnownFileType = sourcecode.swift; path = ComeraTestUITestsLaunchTests.swift; sourceTree = "<group>"; };
		9F8447132B4B367E003B6DCB /* Preview Assets.xcassets */ = {isa = PBXFileReference; lastKnownFileType = folder.assetcatalog; path = "Preview Assets.xcassets"; sourceTree = "<group>"; };
		9F8447182B4B36C3003B6DCB /* NetworkService */ = {isa = PBXFileReference; lastKnownFileType = wrapper; path = NetworkService; sourceTree = "<group>"; };
		9F84471A2B4B38DE003B6DCB /* View+Helpers.swift */ = {isa = PBXFileReference; fileEncoding = 4; lastKnownFileType = sourcecode.swift; path = "View+Helpers.swift"; sourceTree = "<group>"; };
		9F84471C2B4B38DE003B6DCB /* LoaderView.swift */ = {isa = PBXFileReference; fileEncoding = 4; lastKnownFileType = sourcecode.swift; path = LoaderView.swift; sourceTree = "<group>"; };
		9F84471D2B4B38DE003B6DCB /* Navigation+Helper.swift */ = {isa = PBXFileReference; fileEncoding = 4; lastKnownFileType = sourcecode.swift; path = "Navigation+Helper.swift"; sourceTree = "<group>"; };
		9F84471E2B4B38DE003B6DCB /* AsyncImageView.swift */ = {isa = PBXFileReference; fileEncoding = 4; lastKnownFileType = sourcecode.swift; path = AsyncImageView.swift; sourceTree = "<group>"; };
		9F8447252B4B4F35003B6DCB /* HomeViewModel.swift */ = {isa = PBXFileReference; lastKnownFileType = sourcecode.swift; path = HomeViewModel.swift; sourceTree = "<group>"; };
		9F84472A2B4B54EC003B6DCB /* Info.plist */ = {isa = PBXFileReference; lastKnownFileType = text.plist; path = Info.plist; sourceTree = "<group>"; };
		9FEF182A2B4B35C8009995C9 /* ComeraTest.app */ = {isa = PBXFileReference; explicitFileType = wrapper.application; includeInIndex = 0; path = ComeraTest.app; sourceTree = BUILT_PRODUCTS_DIR; };
		9FEF182D2B4B35C8009995C9 /* ComeraTestApp.swift */ = {isa = PBXFileReference; lastKnownFileType = sourcecode.swift; path = ComeraTestApp.swift; sourceTree = "<group>"; };
		9FEF182F2B4B35C8009995C9 /* HomeView.swift */ = {isa = PBXFileReference; lastKnownFileType = sourcecode.swift; path = HomeView.swift; sourceTree = "<group>"; };
		9FEF18312B4B35C9009995C9 /* Assets.xcassets */ = {isa = PBXFileReference; lastKnownFileType = folder.assetcatalog; path = Assets.xcassets; sourceTree = "<group>"; };
/* End PBXFileReference section */

/* Begin PBXFrameworksBuildPhase section */
		9F503D8F2B4C73C3001DCD10 /* Frameworks */ = {
			isa = PBXFrameworksBuildPhase;
			buildActionMask = 2147483647;
			files = (
			);
			runOnlyForDeploymentPostprocessing = 0;
		};
		9F503D9C2B4C73D5001DCD10 /* Frameworks */ = {
			isa = PBXFrameworksBuildPhase;
			buildActionMask = 2147483647;
			files = (
			);
			runOnlyForDeploymentPostprocessing = 0;
		};
		9FEF18272B4B35C8009995C9 /* Frameworks */ = {
			isa = PBXFrameworksBuildPhase;
			buildActionMask = 2147483647;
			files = (
				9F8447292B4B52B5003B6DCB /* NetworkService in Frameworks */,
			);
			runOnlyForDeploymentPostprocessing = 0;
		};
/* End PBXFrameworksBuildPhase section */

/* Begin PBXGroup section */
		9F503D892B4C643D001DCD10 /* ArticleDetails */ = {
			isa = PBXGroup;
			children = (
				9F503D8A2B4C645C001DCD10 /* ArticleDetailsView.swift */,
				9F503D8C2B4C64EA001DCD10 /* ArticleDetailsViewModel.swift */,
			);
			path = ArticleDetails;
			sourceTree = "<group>";
		};
		9F503D932B4C73C3001DCD10 /* ComeraTestUnitTests */ = {
			isa = PBXGroup;
			children = (
				9F503D942B4C73C3001DCD10 /* ComeraTestUnitTests.swift */,
			);
			path = ComeraTestUnitTests;
			sourceTree = "<group>";
		};
		9F503DA02B4C73D5001DCD10 /* ComeraTestUITests */ = {
			isa = PBXGroup;
			children = (
				9F503DA12B4C73D5001DCD10 /* ComeraTestUITests.swift */,
				9F503DA32B4C73D5001DCD10 /* ComeraTestUITestsLaunchTests.swift */,
			);
			path = ComeraTestUITests;
			sourceTree = "<group>";
		};
		9F8447122B4B367E003B6DCB /* Preview Content */ = {
			isa = PBXGroup;
			children = (
				9F8447132B4B367E003B6DCB /* Preview Assets.xcassets */,
			);
			path = "Preview Content";
			sourceTree = "<group>";
		};
		9F8447152B4B36A3003B6DCB /* Application */ = {
			isa = PBXGroup;
			children = (
				9FEF182D2B4B35C8009995C9 /* ComeraTestApp.swift */,
			);
			path = Application;
			sourceTree = "<group>";
		};
		9F8447162B4B36AC003B6DCB /* UI */ = {
			isa = PBXGroup;
			children = (
				9F8447242B4B4F28003B6DCB /* Home */,
				9F503D892B4C643D001DCD10 /* ArticleDetails */,
			);
			path = UI;
			sourceTree = "<group>";
		};
		9F8447172B4B36C3003B6DCB /* Packages */ = {
			isa = PBXGroup;
			children = (
				9F8447182B4B36C3003B6DCB /* NetworkService */,
			);
			name = Packages;
			sourceTree = "<group>";
		};
		9F8447192B4B38DE003B6DCB /* Helpers */ = {
			isa = PBXGroup;
			children = (
				9F84471A2B4B38DE003B6DCB /* View+Helpers.swift */,
				9F84471C2B4B38DE003B6DCB /* LoaderView.swift */,
				9F84471D2B4B38DE003B6DCB /* Navigation+Helper.swift */,
				9F84471E2B4B38DE003B6DCB /* AsyncImageView.swift */,
			);
			path = Helpers;
			sourceTree = "<group>";
		};
		9F8447242B4B4F28003B6DCB /* Home */ = {
			isa = PBXGroup;
			children = (
				9FEF182F2B4B35C8009995C9 /* HomeView.swift */,
				9F8447252B4B4F35003B6DCB /* HomeViewModel.swift */,
			);
			path = Home;
			sourceTree = "<group>";
		};
		9F8447272B4B52B5003B6DCB /* Frameworks */ = {
			isa = PBXGroup;
			children = (
			);
			name = Frameworks;
			sourceTree = "<group>";
		};
		9FEF18212B4B35C8009995C9 = {
			isa = PBXGroup;
			children = (
				9F8447172B4B36C3003B6DCB /* Packages */,
				9FEF182C2B4B35C8009995C9 /* ComeraTest */,
				9F503D932B4C73C3001DCD10 /* ComeraTestUnitTests */,
				9F503DA02B4C73D5001DCD10 /* ComeraTestUITests */,
				9FEF182B2B4B35C8009995C9 /* Products */,
				9F8447272B4B52B5003B6DCB /* Frameworks */,
			);
			sourceTree = "<group>";
		};
		9FEF182B2B4B35C8009995C9 /* Products */ = {
			isa = PBXGroup;
			children = (
				9FEF182A2B4B35C8009995C9 /* ComeraTest.app */,
				9F503D922B4C73C3001DCD10 /* ComeraTestUnitTests.xctest */,
				9F503D9F2B4C73D5001DCD10 /* ComeraTestUITests.xctest */,
			);
			name = Products;
			sourceTree = "<group>";
		};
		9FEF182C2B4B35C8009995C9 /* ComeraTest */ = {
			isa = PBXGroup;
			children = (
				9F84472A2B4B54EC003B6DCB /* Info.plist */,
				9F8447192B4B38DE003B6DCB /* Helpers */,
				9F8447162B4B36AC003B6DCB /* UI */,
				9F8447152B4B36A3003B6DCB /* Application */,
				9FEF183B2B4B3623009995C9 /* Resources */,
			);
			path = ComeraTest;
			sourceTree = "<group>";
		};
		9FEF183B2B4B3623009995C9 /* Resources */ = {
			isa = PBXGroup;
			children = (
				9F8447122B4B367E003B6DCB /* Preview Content */,
				9FEF18312B4B35C9009995C9 /* Assets.xcassets */,
			);
			path = Resources;
			sourceTree = "<group>";
		};
/* End PBXGroup section */

/* Begin PBXNativeTarget section */
		9F503D912B4C73C3001DCD10 /* ComeraTestUnitTests */ = {
			isa = PBXNativeTarget;
			buildConfigurationList = 9F503D982B4C73C3001DCD10 /* Build configuration list for PBXNativeTarget "ComeraTestUnitTests" */;
			buildPhases = (
				9F503D8E2B4C73C3001DCD10 /* Sources */,
				9F503D8F2B4C73C3001DCD10 /* Frameworks */,
				9F503D902B4C73C3001DCD10 /* Resources */,
			);
			buildRules = (
			);
			dependencies = (
				9F503D972B4C73C3001DCD10 /* PBXTargetDependency */,
			);
			name = ComeraTestUnitTests;
			productName = ComeraTestUnitTests;
			productReference = 9F503D922B4C73C3001DCD10 /* ComeraTestUnitTests.xctest */;
			productType = "com.apple.product-type.bundle.unit-test";
		};
		9F503D9E2B4C73D5001DCD10 /* ComeraTestUITests */ = {
			isa = PBXNativeTarget;
			buildConfigurationList = 9F503DA72B4C73D5001DCD10 /* Build configuration list for PBXNativeTarget "ComeraTestUITests" */;
			buildPhases = (
				9F503D9B2B4C73D5001DCD10 /* Sources */,
				9F503D9C2B4C73D5001DCD10 /* Frameworks */,
				9F503D9D2B4C73D5001DCD10 /* Resources */,
			);
			buildRules = (
			);
			dependencies = (
				9F503DA62B4C73D5001DCD10 /* PBXTargetDependency */,
			);
			name = ComeraTestUITests;
			productName = ComeraTestUITests;
			productReference = 9F503D9F2B4C73D5001DCD10 /* ComeraTestUITests.xctest */;
			productType = "com.apple.product-type.bundle.ui-testing";
		};
		9FEF18292B4B35C8009995C9 /* ComeraTest */ = {
			isa = PBXNativeTarget;
			buildConfigurationList = 9FEF18382B4B35C9009995C9 /* Build configuration list for PBXNativeTarget "ComeraTest" */;
			buildPhases = (
				9FEF18262B4B35C8009995C9 /* Sources */,
				9FEF18272B4B35C8009995C9 /* Frameworks */,
				9FEF18282B4B35C8009995C9 /* Resources */,
			);
			buildRules = (
			);
			dependencies = (
			);
			name = ComeraTest;
			packageProductDependencies = (
				9F8447282B4B52B5003B6DCB /* NetworkService */,
			);
			productName = ComeraTest;
			productReference = 9FEF182A2B4B35C8009995C9 /* ComeraTest.app */;
			productType = "com.apple.product-type.application";
		};
/* End PBXNativeTarget section */

/* Begin PBXProject section */
		9FEF18222B4B35C8009995C9 /* Project object */ = {
			isa = PBXProject;
			attributes = {
				BuildIndependentTargetsInParallel = 1;
				LastSwiftUpdateCheck = 1430;
				LastUpgradeCheck = 1430;
				TargetAttributes = {
					9F503D912B4C73C3001DCD10 = {
						CreatedOnToolsVersion = 14.3.1;
						TestTargetID = 9FEF18292B4B35C8009995C9;
					};
					9F503D9E2B4C73D5001DCD10 = {
						CreatedOnToolsVersion = 14.3.1;
						TestTargetID = 9FEF18292B4B35C8009995C9;
					};
					9FEF18292B4B35C8009995C9 = {
						CreatedOnToolsVersion = 14.3.1;
					};
				};
			};
			buildConfigurationList = 9FEF18252B4B35C8009995C9 /* Build configuration list for PBXProject "ComeraTest" */;
			compatibilityVersion = "Xcode 14.0";
			developmentRegion = en;
			hasScannedForEncodings = 0;
			knownRegions = (
				en,
				Base,
			);
			mainGroup = 9FEF18212B4B35C8009995C9;
			productRefGroup = 9FEF182B2B4B35C8009995C9 /* Products */;
			projectDirPath = "";
			projectRoot = "";
			targets = (
				9FEF18292B4B35C8009995C9 /* ComeraTest */,
				9F503D912B4C73C3001DCD10 /* ComeraTestUnitTests */,
				9F503D9E2B4C73D5001DCD10 /* ComeraTestUITests */,
			);
		};
/* End PBXProject section */

/* Begin PBXResourcesBuildPhase section */
		9F503D902B4C73C3001DCD10 /* Resources */ = {
			isa = PBXResourcesBuildPhase;
			buildActionMask = 2147483647;
			files = (
			);
			runOnlyForDeploymentPostprocessing = 0;
		};
		9F503D9D2B4C73D5001DCD10 /* Resources */ = {
			isa = PBXResourcesBuildPhase;
			buildActionMask = 2147483647;
			files = (
			);
			runOnlyForDeploymentPostprocessing = 0;
		};
		9FEF18282B4B35C8009995C9 /* Resources */ = {
			isa = PBXResourcesBuildPhase;
			buildActionMask = 2147483647;
			files = (
				9F8447142B4B367E003B6DCB /* Preview Assets.xcassets in Resources */,
				9FEF18322B4B35C9009995C9 /* Assets.xcassets in Resources */,
			);
			runOnlyForDeploymentPostprocessing = 0;
		};
/* End PBXResourcesBuildPhase section */

/* Begin PBXSourcesBuildPhase section */
		9F503D8E2B4C73C3001DCD10 /* Sources */ = {
			isa = PBXSourcesBuildPhase;
			buildActionMask = 2147483647;
			files = (
				9F503D952B4C73C3001DCD10 /* ComeraTestUnitTests.swift in Sources */,
			);
			runOnlyForDeploymentPostprocessing = 0;
		};
		9F503D9B2B4C73D5001DCD10 /* Sources */ = {
			isa = PBXSourcesBuildPhase;
			buildActionMask = 2147483647;
			files = (
				9F503DA22B4C73D5001DCD10 /* ComeraTestUITests.swift in Sources */,
				9F503DA42B4C73D5001DCD10 /* ComeraTestUITestsLaunchTests.swift in Sources */,
			);
			runOnlyForDeploymentPostprocessing = 0;
		};
		9FEF18262B4B35C8009995C9 /* Sources */ = {
			isa = PBXSourcesBuildPhase;
			buildActionMask = 2147483647;
			files = (
				9F503D8B2B4C645C001DCD10 /* ArticleDetailsView.swift in Sources */,
				9F503D8D2B4C64EA001DCD10 /* ArticleDetailsViewModel.swift in Sources */,
				9FEF18302B4B35C8009995C9 /* HomeView.swift in Sources */,
				9F8447222B4B38DE003B6DCB /* Navigation+Helper.swift in Sources */,
				9F8447262B4B4F35003B6DCB /* HomeViewModel.swift in Sources */,
				9F8447212B4B38DE003B6DCB /* LoaderView.swift in Sources */,
				9F84471F2B4B38DE003B6DCB /* View+Helpers.swift in Sources */,
				9FEF182E2B4B35C8009995C9 /* ComeraTestApp.swift in Sources */,
				9F8447232B4B38DE003B6DCB /* AsyncImageView.swift in Sources */,
			);
			runOnlyForDeploymentPostprocessing = 0;
		};
/* End PBXSourcesBuildPhase section */

/* Begin PBXTargetDependency section */
		9F503D972B4C73C3001DCD10 /* PBXTargetDependency */ = {
			isa = PBXTargetDependency;
			target = 9FEF18292B4B35C8009995C9 /* ComeraTest */;
			targetProxy = 9F503D962B4C73C3001DCD10 /* PBXContainerItemProxy */;
		};
		9F503DA62B4C73D5001DCD10 /* PBXTargetDependency */ = {
			isa = PBXTargetDependency;
			target = 9FEF18292B4B35C8009995C9 /* ComeraTest */;
			targetProxy = 9F503DA52B4C73D5001DCD10 /* PBXContainerItemProxy */;
		};
/* End PBXTargetDependency section */

/* Begin XCBuildConfiguration section */
		9F503D992B4C73C3001DCD10 /* Debug */ = {
			isa = XCBuildConfiguration;
			buildSettings = {
				BUNDLE_LOADER = "$(TEST_HOST)";
				CODE_SIGN_STYLE = Automatic;
				CURRENT_PROJECT_VERSION = 1;
				GENERATE_INFOPLIST_FILE = YES;
				IPHONEOS_DEPLOYMENT_TARGET = 16.4;
				MARKETING_VERSION = 1.0;
				PRODUCT_BUNDLE_IDENTIFIER = com.abhishek.test.ComeraTestUnitTests;
				PRODUCT_NAME = "$(TARGET_NAME)";
				SWIFT_EMIT_LOC_STRINGS = NO;
				SWIFT_VERSION = 5.0;
				TARGETED_DEVICE_FAMILY = "1,2";
				TEST_HOST = "$(BUILT_PRODUCTS_DIR)/ComeraTest.app/$(BUNDLE_EXECUTABLE_FOLDER_PATH)/ComeraTest";
			};
			name = Debug;
		};
		9F503D9A2B4C73C3001DCD10 /* Release */ = {
			isa = XCBuildConfiguration;
			buildSettings = {
				BUNDLE_LOADER = "$(TEST_HOST)";
				CODE_SIGN_STYLE = Automatic;
				CURRENT_PROJECT_VERSION = 1;
				GENERATE_INFOPLIST_FILE = YES;
				IPHONEOS_DEPLOYMENT_TARGET = 16.4;
				MARKETING_VERSION = 1.0;
				PRODUCT_BUNDLE_IDENTIFIER = com.abhishek.test.ComeraTestUnitTests;
				PRODUCT_NAME = "$(TARGET_NAME)";
				SWIFT_EMIT_LOC_STRINGS = NO;
				SWIFT_VERSION = 5.0;
				TARGETED_DEVICE_FAMILY = "1,2";
				TEST_HOST = "$(BUILT_PRODUCTS_DIR)/ComeraTest.app/$(BUNDLE_EXECUTABLE_FOLDER_PATH)/ComeraTest";
			};
			name = Release;
		};
		9F503DA82B4C73D5001DCD10 /* Debug */ = {
			isa = XCBuildConfiguration;
			buildSettings = {
				CODE_SIGN_STYLE = Automatic;
				CURRENT_PROJECT_VERSION = 1;
				GENERATE_INFOPLIST_FILE = YES;
				IPHONEOS_DEPLOYMENT_TARGET = 16.4;
				MARKETING_VERSION = 1.0;
				PRODUCT_BUNDLE_IDENTIFIER = com.abhishek.test.ComeraTestUITests;
				PRODUCT_NAME = "$(TARGET_NAME)";
				SWIFT_EMIT_LOC_STRINGS = NO;
				SWIFT_VERSION = 5.0;
				TARGETED_DEVICE_FAMILY = "1,2";
				TEST_TARGET_NAME = ComeraTest;
			};
			name = Debug;
		};
		9F503DA92B4C73D5001DCD10 /* Release */ = {
			isa = XCBuildConfiguration;
			buildSettings = {
				CODE_SIGN_STYLE = Automatic;
				CURRENT_PROJECT_VERSION = 1;
				GENERATE_INFOPLIST_FILE = YES;
				IPHONEOS_DEPLOYMENT_TARGET = 16.4;
				MARKETING_VERSION = 1.0;
				PRODUCT_BUNDLE_IDENTIFIER = com.abhishek.test.ComeraTestUITests;
				PRODUCT_NAME = "$(TARGET_NAME)";
				SWIFT_EMIT_LOC_STRINGS = NO;
				SWIFT_VERSION = 5.0;
				TARGETED_DEVICE_FAMILY = "1,2";
				TEST_TARGET_NAME = ComeraTest;
			};
			name = Release;
		};
		9FEF18362B4B35C9009995C9 /* Debug */ = {
			isa = XCBuildConfiguration;
			buildSettings = {
				ALWAYS_SEARCH_USER_PATHS = NO;
				CLANG_ANALYZER_NONNULL = YES;
				CLANG_ANALYZER_NUMBER_OBJECT_CONVERSION = YES_AGGRESSIVE;
				CLANG_CXX_LANGUAGE_STANDARD = "gnu++20";
				CLANG_ENABLE_MODULES = YES;
				CLANG_ENABLE_OBJC_ARC = YES;
				CLANG_ENABLE_OBJC_WEAK = YES;
				CLANG_WARN_BLOCK_CAPTURE_AUTORELEASING = YES;
				CLANG_WARN_BOOL_CONVERSION = YES;
				CLANG_WARN_COMMA = YES;
				CLANG_WARN_CONSTANT_CONVERSION = YES;
				CLANG_WARN_DEPRECATED_OBJC_IMPLEMENTATIONS = YES;
				CLANG_WARN_DIRECT_OBJC_ISA_USAGE = YES_ERROR;
				CLANG_WARN_DOCUMENTATION_COMMENTS = YES;
				CLANG_WARN_EMPTY_BODY = YES;
				CLANG_WARN_ENUM_CONVERSION = YES;
				CLANG_WARN_INFINITE_RECURSION = YES;
				CLANG_WARN_INT_CONVERSION = YES;
				CLANG_WARN_NON_LITERAL_NULL_CONVERSION = YES;
				CLANG_WARN_OBJC_IMPLICIT_RETAIN_SELF = YES;
				CLANG_WARN_OBJC_LITERAL_CONVERSION = YES;
				CLANG_WARN_OBJC_ROOT_CLASS = YES_ERROR;
				CLANG_WARN_QUOTED_INCLUDE_IN_FRAMEWORK_HEADER = YES;
				CLANG_WARN_RANGE_LOOP_ANALYSIS = YES;
				CLANG_WARN_STRICT_PROTOTYPES = YES;
				CLANG_WARN_SUSPICIOUS_MOVE = YES;
				CLANG_WARN_UNGUARDED_AVAILABILITY = YES_AGGRESSIVE;
				CLANG_WARN_UNREACHABLE_CODE = YES;
				CLANG_WARN__DUPLICATE_METHOD_MATCH = YES;
				COPY_PHASE_STRIP = NO;
				DEBUG_INFORMATION_FORMAT = dwarf;
				ENABLE_STRICT_OBJC_MSGSEND = YES;
				ENABLE_TESTABILITY = YES;
				GCC_C_LANGUAGE_STANDARD = gnu11;
				GCC_DYNAMIC_NO_PIC = NO;
				GCC_NO_COMMON_BLOCKS = YES;
				GCC_OPTIMIZATION_LEVEL = 0;
				GCC_PREPROCESSOR_DEFINITIONS = (
					"DEBUG=1",
					"$(inherited)",
				);
				GCC_WARN_64_TO_32_BIT_CONVERSION = YES;
				GCC_WARN_ABOUT_RETURN_TYPE = YES_ERROR;
				GCC_WARN_UNDECLARED_SELECTOR = YES;
				GCC_WARN_UNINITIALIZED_AUTOS = YES_AGGRESSIVE;
				GCC_WARN_UNUSED_FUNCTION = YES;
				GCC_WARN_UNUSED_VARIABLE = YES;
				IPHONEOS_DEPLOYMENT_TARGET = 16.0;
				MTL_ENABLE_DEBUG_INFO = INCLUDE_SOURCE;
				MTL_FAST_MATH = YES;
				ONLY_ACTIVE_ARCH = YES;
				SDKROOT = iphoneos;
				SWIFT_ACTIVE_COMPILATION_CONDITIONS = DEBUG;
				SWIFT_OPTIMIZATION_LEVEL = "-Onone";
			};
			name = Debug;
		};
		9FEF18372B4B35C9009995C9 /* Release */ = {
			isa = XCBuildConfiguration;
			buildSettings = {
				ALWAYS_SEARCH_USER_PATHS = NO;
				CLANG_ANALYZER_NONNULL = YES;
				CLANG_ANALYZER_NUMBER_OBJECT_CONVERSION = YES_AGGRESSIVE;
				CLANG_CXX_LANGUAGE_STANDARD = "gnu++20";
				CLANG_ENABLE_MODULES = YES;
				CLANG_ENABLE_OBJC_ARC = YES;
				CLANG_ENABLE_OBJC_WEAK = YES;
				CLANG_WARN_BLOCK_CAPTURE_AUTORELEASING = YES;
				CLANG_WARN_BOOL_CONVERSION = YES;
				CLANG_WARN_COMMA = YES;
				CLANG_WARN_CONSTANT_CONVERSION = YES;
				CLANG_WARN_DEPRECATED_OBJC_IMPLEMENTATIONS = YES;
				CLANG_WARN_DIRECT_OBJC_ISA_USAGE = YES_ERROR;
				CLANG_WARN_DOCUMENTATION_COMMENTS = YES;
				CLANG_WARN_EMPTY_BODY = YES;
				CLANG_WARN_ENUM_CONVERSION = YES;
				CLANG_WARN_INFINITE_RECURSION = YES;
				CLANG_WARN_INT_CONVERSION = YES;
				CLANG_WARN_NON_LITERAL_NULL_CONVERSION = YES;
				CLANG_WARN_OBJC_IMPLICIT_RETAIN_SELF = YES;
				CLANG_WARN_OBJC_LITERAL_CONVERSION = YES;
				CLANG_WARN_OBJC_ROOT_CLASS = YES_ERROR;
				CLANG_WARN_QUOTED_INCLUDE_IN_FRAMEWORK_HEADER = YES;
				CLANG_WARN_RANGE_LOOP_ANALYSIS = YES;
				CLANG_WARN_STRICT_PROTOTYPES = YES;
				CLANG_WARN_SUSPICIOUS_MOVE = YES;
				CLANG_WARN_UNGUARDED_AVAILABILITY = YES_AGGRESSIVE;
				CLANG_WARN_UNREACHABLE_CODE = YES;
				CLANG_WARN__DUPLICATE_METHOD_MATCH = YES;
				COPY_PHASE_STRIP = NO;
				DEBUG_INFORMATION_FORMAT = "dwarf-with-dsym";
				ENABLE_NS_ASSERTIONS = NO;
				ENABLE_STRICT_OBJC_MSGSEND = YES;
				GCC_C_LANGUAGE_STANDARD = gnu11;
				GCC_NO_COMMON_BLOCKS = YES;
				GCC_WARN_64_TO_32_BIT_CONVERSION = YES;
				GCC_WARN_ABOUT_RETURN_TYPE = YES_ERROR;
				GCC_WARN_UNDECLARED_SELECTOR = YES;
				GCC_WARN_UNINITIALIZED_AUTOS = YES_AGGRESSIVE;
				GCC_WARN_UNUSED_FUNCTION = YES;
				GCC_WARN_UNUSED_VARIABLE = YES;
				IPHONEOS_DEPLOYMENT_TARGET = 16.0;
				MTL_ENABLE_DEBUG_INFO = NO;
				MTL_FAST_MATH = YES;
				SDKROOT = iphoneos;
				SWIFT_COMPILATION_MODE = wholemodule;
				SWIFT_OPTIMIZATION_LEVEL = "-O";
				VALIDATE_PRODUCT = YES;
			};
			name = Release;
		};
		9FEF18392B4B35C9009995C9 /* Debug */ = {
			isa = XCBuildConfiguration;
			buildSettings = {
				ASSETCATALOG_COMPILER_APPICON_NAME = AppIcon;
				ASSETCATALOG_COMPILER_GLOBAL_ACCENT_COLOR_NAME = AccentColor;
				CODE_SIGN_STYLE = Automatic;
				CURRENT_PROJECT_VERSION = 1;
				DEVELOPMENT_ASSET_PATHS = "\"ComeraTest/Resources/Preview Content\"";
				ENABLE_PREVIEWS = YES;
				GENERATE_INFOPLIST_FILE = YES;
				INFOPLIST_FILE = ComeraTest/Info.plist;
				INFOPLIST_KEY_UIApplicationSceneManifest_Generation = YES;
				INFOPLIST_KEY_UIApplicationSupportsIndirectInputEvents = YES;
				INFOPLIST_KEY_UILaunchScreen_Generation = YES;
				INFOPLIST_KEY_UISupportedInterfaceOrientations = UIInterfaceOrientationPortrait;
				INFOPLIST_KEY_UISupportedInterfaceOrientations_iPad = "UIInterfaceOrientationLandscapeLeft UIInterfaceOrientationLandscapeRight UIInterfaceOrientationPortrait UIInterfaceOrientationPortraitUpsideDown";
				LD_RUNPATH_SEARCH_PATHS = (
					"$(inherited)",
					"@executable_path/Frameworks",
				);
				MARKETING_VERSION = 1.0;
				PRODUCT_BUNDLE_IDENTIFIER = com.abhishek.test.ComeraTest;
				PRODUCT_NAME = "$(TARGET_NAME)";
				SUPPORTED_PLATFORMS = "iphoneos iphonesimulator";
				SUPPORTS_MACCATALYST = NO;
				SUPPORTS_MAC_DESIGNED_FOR_IPHONE_IPAD = NO;
				SWIFT_EMIT_LOC_STRINGS = YES;
				SWIFT_VERSION = 5.0;
				TARGETED_DEVICE_FAMILY = 1;
			};
			name = Debug;
		};
		9FEF183A2B4B35C9009995C9 /* Release */ = {
			isa = XCBuildConfiguration;
			buildSettings = {
				ASSETCATALOG_COMPILER_APPICON_NAME = AppIcon;
				ASSETCATALOG_COMPILER_GLOBAL_ACCENT_COLOR_NAME = AccentColor;
				CODE_SIGN_STYLE = Automatic;
				CURRENT_PROJECT_VERSION = 1;
				DEVELOPMENT_ASSET_PATHS = "\"ComeraTest/Resources/Preview Content\"";
				ENABLE_PREVIEWS = YES;
				GENERATE_INFOPLIST_FILE = YES;
				INFOPLIST_FILE = ComeraTest/Info.plist;
				INFOPLIST_KEY_UIApplicationSceneManifest_Generation = YES;
				INFOPLIST_KEY_UIApplicationSupportsIndirectInputEvents = YES;
				INFOPLIST_KEY_UILaunchScreen_Generation = YES;
				INFOPLIST_KEY_UISupportedInterfaceOrientations = UIInterfaceOrientationPortrait;
				INFOPLIST_KEY_UISupportedInterfaceOrientations_iPad = "UIInterfaceOrientationLandscapeLeft UIInterfaceOrientationLandscapeRight UIInterfaceOrientationPortrait UIInterfaceOrientationPortraitUpsideDown";
				LD_RUNPATH_SEARCH_PATHS = (
					"$(inherited)",
					"@executable_path/Frameworks",
				);
				MARKETING_VERSION = 1.0;
				PRODUCT_BUNDLE_IDENTIFIER = com.abhishek.test.ComeraTest;
				PRODUCT_NAME = "$(TARGET_NAME)";
				SUPPORTED_PLATFORMS = "iphoneos iphonesimulator";
				SUPPORTS_MACCATALYST = NO;
				SUPPORTS_MAC_DESIGNED_FOR_IPHONE_IPAD = NO;
				SWIFT_EMIT_LOC_STRINGS = YES;
				SWIFT_VERSION = 5.0;
				TARGETED_DEVICE_FAMILY = 1;
			};
			name = Release;
		};
/* End XCBuildConfiguration section */

/* Begin XCConfigurationList section */
		9F503D982B4C73C3001DCD10 /* Build configuration list for PBXNativeTarget "ComeraTestUnitTests" */ = {
			isa = XCConfigurationList;
			buildConfigurations = (
				9F503D992B4C73C3001DCD10 /* Debug */,
				9F503D9A2B4C73C3001DCD10 /* Release */,
			);
			defaultConfigurationIsVisible = 0;
			defaultConfigurationName = Release;
		};
		9F503DA72B4C73D5001DCD10 /* Build configuration list for PBXNativeTarget "ComeraTestUITests" */ = {
			isa = XCConfigurationList;
			buildConfigurations = (
				9F503DA82B4C73D5001DCD10 /* Debug */,
				9F503DA92B4C73D5001DCD10 /* Release */,
			);
			defaultConfigurationIsVisible = 0;
			defaultConfigurationName = Release;
		};
		9FEF18252B4B35C8009995C9 /* Build configuration list for PBXProject "ComeraTest" */ = {
			isa = XCConfigurationList;
			buildConfigurations = (
				9FEF18362B4B35C9009995C9 /* Debug */,
				9FEF18372B4B35C9009995C9 /* Release */,
			);
			defaultConfigurationIsVisible = 0;
			defaultConfigurationName = Release;
		};
		9FEF18382B4B35C9009995C9 /* Build configuration list for PBXNativeTarget "ComeraTest" */ = {
			isa = XCConfigurationList;
			buildConfigurations = (
				9FEF18392B4B35C9009995C9 /* Debug */,
				9FEF183A2B4B35C9009995C9 /* Release */,
			);
			defaultConfigurationIsVisible = 0;
			defaultConfigurationName = Release;
		};
/* End XCConfigurationList section */

/* Begin XCSwiftPackageProductDependency section */
		9F8447282B4B52B5003B6DCB /* NetworkService */ = {
			isa = XCSwiftPackageProductDependency;
			productName = NetworkService;
		};
/* End XCSwiftPackageProductDependency section */
	};
	rootObject = 9FEF18222B4B35C8009995C9 /* Project object */;
}
